
Microsoft Visual Studio Solution File, Format Version 12.00
# Visual Studio 15
VisualStudioVersion = 15.0.27130.2036
MinimumVisualStudioVersion = 10.0.40219.1
Project("{FAE04EC0-301F-11D3-BF4B-00C04F79EFBC}") = "BarberShopMVC", "BarberShopMVC\BarberShopMVC.csproj", "{96E92E73-9134-412F-ABF0-2A7D4DB39833}"
EndProject
Project("{FAE04EC0-301F-11D3-BF4B-00C04F79EFBC}") = "BarberShopMVC.Tests", "BarberShopMVC.Tests\BarberShopMVC.Tests.csproj", "{8A1192A8-FE0B-4579-876C-5DA932CA021D}"
EndProject
Global
	GlobalSection(SolutionConfigurationPlatforms) = preSolution
		Debug|Any CPU = Debug|Any CPU
		Release|Any CPU = Release|Any CPU
	EndGlobalSection
	GlobalSection(ProjectConfigurationPlatforms) = postSolution
		{96E92E73-9134-412F-ABF0-2A7D4DB39833}.Debug|Any CPU.ActiveCfg = Debug|Any CPU
		{96E92E73-9134-412F-ABF0-2A7D4DB39833}.Debug|Any CPU.Build.0 = Debug|Any CPU
		{96E92E73-9134-412F-ABF0-2A7D4DB39833}.Release|Any CPU.ActiveCfg = Release|Any CPU
		{96E92E73-9134-412F-ABF0-2A7D4DB39833}.Release|Any CPU.Build.0 = Release|Any CPU
		{8A1192A8-FE0B-4579-876C-5DA932CA021D}.Debug|Any CPU.ActiveCfg = Debug|Any CPU
		{8A1192A8-FE0B-4579-876C-5DA932CA021D}.Debug|Any CPU.Build.0 = Debug|Any CPU
		{8A1192A8-FE0B-4579-876C-5DA932CA021D}.Release|Any CPU.ActiveCfg = Release|Any CPU
		{8A1192A8-FE0B-4579-876C-5DA932CA021D}.Release|Any CPU.Build.0 = Release|Any CPU
	EndGlobalSection
	GlobalSection(SolutionProperties) = preSolution
		HideSolutionNode = FALSE
	EndGlobalSection
	GlobalSection(ExtensibilityGlobals) = postSolution
		SolutionGuid = {BE30B56E-23CA-41F6-A0CC-A876E5BBE4E3}
	EndGlobalSection
EndGlobal
